{
  "version": 4,
  "terraform_version": "1.15.5",
  "serial": 21,
  "lineage": "dd037f64-ef9f-9085-f858-e3f39b205737",
  "outputs": {
    "api_service_name": {
      "value": "api-service",
      "type": "string"
    },
    "api_url": {
      "value": "http://localhost:30080",
      "type": "string"
    },
    "cluster_name": {
      "value": "oficina-cluster",
      "type": "string"
    },
    "kubeconfig_path": {
      "value": "C:\\Users\\KABUM\\Desktop\\Desenvolvimentos\\TechChallengerFiap\\backEnd\\terraForm\\oficina-cluster-config",
      "type": "string"
    },
    "postgres_service_name": {
      "value": "postgres-service",
      "type": "string"
    }
  },
  "resources": [
    {
      "mode": "managed",
      "type": "kind_cluster",
      "name": "oficina_cluster",
      "provider": "provider[\"registry.terraform.io/tehcyx/kind\"]",
      "instances": [
        {
          "schema_version": 0,
          "attributes": {
            "client_certificate": "-----BEGIN CERTIFICATE-----\nMIIDKTCCAhGgAwIBAgIIBv67t7BMBqcwDQYJKoZIhvcNAQELBQAwFTETMBEGA1UE\nAxMKa3ViZXJuZXRlczAeFw0yNjA2MDcxNTA4NTVaFw0yNzA2MDcxNTEzNTZaMDwx\nHzAdBgNVBAoTFmt1YmVhZG06Y2x1c3Rlci1hZG1pbnMxGTAXBgNVBAMTEGt1YmVy\nbmV0ZXMtYWRtaW4wggEiMA0GCSqGSIb3DQEBAQUAA4IBDwAwggEKAoIBAQDaldbB\njxOy4TpGXZxlEc5P8VtL9o0tJ+y6SOvv977KDIrUekWqj+n2/P5m+Q+PrxFOJ6Y0\nIpgwFecii9QF5Q3yYF2dNPvdv0aRTMGhF7nLr9T9fPGB6IHEnAPUhhdjojb+fCgJ\nT5TXNh+Q1gxinLeTpnI+RaUiNBqgMar5EwT6q6opa9T4QPeMLiFd4JVFO6nSSm9f\nB26pyQ2EsFYGK+qzdOnl2JyiL1B+olc+UrvcIoRb2oU4YwHYUuHpOxWv+1v0rTmb\nfbXDKTdd/Wv421hFo22L9y0J2/fu8sXA0U05vIwQQg+HN1brR/qCXAQboEEBQ3kX\nzIetQ8yV1dTHfwSRAgMBAAGjVjBUMA4GA1UdDwEB/wQEAwIFoDATBgNVHSUEDDAK\nBggrBgEFBQcDAjAMBgNVHRMBAf8EAjAAMB8GA1UdIwQYMBaAFBZBqP2NkZ7FKVuO\nvyn9D1Rz6xg4MA0GCSqGSIb3DQEBCwUAA4IBAQBnCmHMnFNJuukqsdbbEE/Q7Zdf\nEKSiAnP2rEEC0TaKqjfrCHystAJFobP9jPJvPcPYBAJ+qmjb6ectJGbtVh/9LShX\nyzAp/5Oo2xThcmxwywO6SBFTnBlHceEgSCZQ9qUUciiwF9Y064WiOt2mXx+Fg0nZ\noOyk7X5CrHQ4u1vgcFtqHNFqilzOmBXYmM5QWA9lY1awP3qY8KwWofSycqhM5sz6\n2mJDn7HJWQyyuCvXopUtalp+rPyDnzoYRMT5ETa1o6jeg8usv9wP9I3TsFCooOyD\nnPm6VQOraZqIh1LZ73oDfirWqKrjuUFo7xD3KnFlhvpUlNIWOMWwJeVTFMR1\n-----END CERTIFICATE-----\n",
            "client_key": "-----BEGIN RSA PRIVATE KEY-----\nMIIEowIBAAKCAQEA2pXWwY8TsuE6Rl2cZRHOT/FbS/aNLSfsukjr7/e+ygyK1HpF\nqo/p9vz+ZvkPj68RTiemNCKYMBXnIovUBeUN8mBdnTT73b9GkUzBoRe5y6/U/Xzx\ngeiBxJwD1IYXY6I2/nwoCU+U1zYfkNYMYpy3k6ZyPkWlIjQaoDGq+RME+quqKWvU\n+ED3jC4hXeCVRTup0kpvXwduqckNhLBWBivqs3Tp5dicoi9QfqJXPlK73CKEW9qF\nOGMB2FLh6TsVr/tb9K05m321wyk3Xf1r+NtYRaNti/ctCdv37vLFwNFNObyMEEIP\nhzdW60f6glwEG6BBAUN5F8yHrUPMldXUx38EkQIDAQABAoIBAQDaJ7GufJ2sah0/\nHS55sMu3/aqgpfFAoBgj06OmXByOivYEGgRttjRLzTQakXh2bsNWvTujzOMXGsUU\nNXnmaDUDMio8PCUjq0NCwNh/bq6AG3z3gTuH7AWXtB4efbXaOouocUGECWkDYYEf\njIHP6ZlOQ1DB1cB54oawWuHItLLDebirONf2OW2XKEEPF3v6rLp25crhkV3Eym40\n7A9X+mJ3KIos0Y2JuKLc8OVgTFzpNfh/aUZi/7XeLMeVDlJqbMFDpfCmZXzXAsyg\nce8ZKzkmUItOt4AON+qLaVTsOclYiklmSpILFa+v2qDLZAevfflAE0gH/JGTAqu1\n7F275CYBAoGBAOwRfJgZCNzgPN8XKY795BoOKWoBTJTP1mBuFz045VKzQCYE+JvK\ng1P9+NbPuT8pSl/2ZDiPIw7K/Vmm3R7a668gwct49ipLTKvM94XIFk2kedafxkOR\nnJeg5r3cT8XR1i8Evc2c7FqDSQ+3gQMySCRaOtYh7INFMeSatCkVRu4DAoGBAO0K\ndv2Qf1p7QxL3tvsvowBYyxif/7z1WCzXHxeImoeGbN6Y4EafSZ68M4Mev9KoP/aZ\nLmLoGUbZWOQufh9wnkhxUu2V6xoCokrNZYZ1zTxog5JKnVDmPmcOGC2h0XnOxisB\n630yRz/EIqwFc3oSZvtYVMDplUV5BiNgPCVGwHjbAoGAf1jnl71ZlJ26+LYsCyFX\nnd6p5K+SumxsP1TkYHiC7VwZbOkdnB1hPzwwsuEYE8SYhLAMXJ6K0P4cMfLcMjrz\nDWRkZvl4AlTgpYVKufa4YWYq++bxM54nlXyNPTrOJe8O1gp+wZ63uhQ8o6fghvLn\nDAVI3B8s0ZvQUHxMWCVMQDUCgYASkMhDEec3ogHd4XL+d3uv0kSN+DIijaDLWkoA\nIN3hkYDDanvebClq+liag3UIvc7MtLCyZHVeXDWfIZkVQ0/SYrXZD+3rCpvFehLi\nliVt/s2XTqrFpFLs5Wi1YkAy5yQUSEE2fBKihu0kRgUGYZyZQRDaTzE20MTPToFH\ndiQrEwKBgAHreDy15XDVR1jeKamY8tNluiNKWqAyofhojoubniIkUWauDiarp5Ts\nKdIi5muWLUyN/1NGZW+JCsEdDppxYS1RRPmZegaoaiPfeeNmVhJrOTD9s1PMn5fA\nSYYP4Vb2v7IzLJFAEYz7NwHKF8isxBaMOzmH6AjZ9ysIKrE/wb4g\n-----END RSA PRIVATE KEY-----\n",
            "cluster_ca_certificate": "-----BEGIN CERTIFICATE-----\nMIIDBTCCAe2gAwIBAgIIM4/f2HwLUAgwDQYJKoZIhvcNAQELBQAwFTETMBEGA1UE\nAxMKa3ViZXJuZXRlczAeFw0yNjA2MDcxNTA4NTVaFw0zNjA2MDQxNTEzNTVaMBUx\nEzARBgNVBAMTCmt1YmVybmV0ZXMwggEiMA0GCSqGSIb3DQEBAQUAA4IBDwAwggEK\nAoIBAQC1qL2V/I5dGP0H21Bp4ENTe9t7uusWDDXzEUKsGlV2gMhQU51UZULuLYhW\n5JXgtxgUuE5BwkArSEJROkKpxjavLV2OJozVnu3ZgVidUlfucfzgk4LKugGXsf5R\nCESFa20WyD9ikkBo7sCB3ibi8ZhsT2OHfBuoIurE7wMf8y5Bq7OexogOv8KGO8Hr\neR7A7EXe3Bcgv0Ae0UGLspKPftTkbeOx7kX9iBjvgghHs29OKt3y8w47Kac3GwpA\nNKuNIUmkCWBTi7wGr1Vx9DW/M8JBpIlc0WZbesd5v6lJ3JU4pYGW9gvih4VHVeE+\nf9k9LODQe3X7YtRfZfZslV3w2m5JAgMBAAGjWTBXMA4GA1UdDwEB/wQEAwICpDAP\nBgNVHRMBAf8EBTADAQH/MB0GA1UdDgQWBBQWQaj9jZGexSlbjr8p/Q9Uc+sYODAV\nBgNVHREEDjAMggprdWJlcm5ldGVzMA0GCSqGSIb3DQEBCwUAA4IBAQBsJ3rSRnU3\nDckspTKHeUyLb4NIIUAIj6XuSNa/1GPrFgrpo9hv/rGk3VvarUS5tsldiQ/jzFY6\nyCeebI/+W83X9oFEjIjBpsrC+Ca5iI03wHKkjZLKBspDEJWnrkZIN9Yixyoh3e/R\nmFToGWcFejHEUjUmfs3KOIJwcA1Czq9sgw7jercUwtTJGZZFnLt0ZoNy95OvkT7I\nm1mauDZA4my5JGik1Sjiw/5YdhUVYGg2lN38hPxQvDboMkXe3nIZHw4HybmvX7/9\nDEU2XqLnckxdvpM57Q53z63MGu3hm0+tcJjzMVyRLVTKUxWCPIc5t9r3VM8hyvRL\nAJrhlEVqf2DH\n-----END CERTIFICATE-----\n",
            "completed": true,
            "endpoint": "https://127.0.0.1:54332",
            "id": "oficina-cluster-kindest/node:v1.29.2",
            "kind_config": [
              {
                "api_version": "kind.x-k8s.io/v1alpha4",
                "containerd_config_patches": [],
                "feature_gates": {},
                "kind": "Cluster",
                "networking": [],
                "node": [
                  {
                    "extra_mounts": [],
                    "extra_port_mappings": [],
                    "image": "",
                    "kubeadm_config_patches": [],
                    "labels": {},
                    "role": "control-plane"
                  },
                  {
                    "extra_mounts": [],
                    "extra_port_mappings": [],
                    "image": "",
                    "kubeadm_config_patches": [],
                    "labels": {},
                    "role": "worker"
                  }
                ],
                "runtime_config": {}
              }
            ],
            "kubeconfig": "apiVersion: v1\nclusters:\n- cluster:\n    certificate-authority-data: LS0tLS1CRUdJTiBDRVJUSUZJQ0FURS0tLS0tCk1JSURCVENDQWUyZ0F3SUJBZ0lJTTQvZjJId0xVQWd3RFFZSktvWklodmNOQVFFTEJRQXdGVEVUTUJFR0ExVUUKQXhNS2EzVmlaWEp1WlhSbGN6QWVGdzB5TmpBMk1EY3hOVEE0TlRWYUZ3MHpOakEyTURReE5URXpOVFZhTUJVeApFekFSQmdOVkJBTVRDbXQxWW1WeWJtVjBaWE13Z2dFaU1BMEdDU3FHU0liM0RRRUJBUVVBQTRJQkR3QXdnZ0VLCkFvSUJBUUMxcUwyVi9JNWRHUDBIMjFCcDRFTlRlOXQ3dXVzV0REWHpFVUtzR2xWMmdNaFFVNTFVWlVMdUxZaFcKNUpYZ3R4Z1V1RTVCd2tBclNFSlJPa0tweGphdkxWMk9Kb3pWbnUzWmdWaWRVbGZ1Y2Z6Z2s0TEt1Z0dYc2Y1UgpDRVNGYTIwV3lEOWlra0JvN3NDQjNpYmk4WmhzVDJPSGZCdW9JdXJFN3dNZjh5NUJxN09leG9nT3Y4S0dPOEhyCmVSN0E3RVhlM0JjZ3YwQWUwVUdMc3BLUGZ0VGtiZU94N2tYOWlCanZnZ2hIczI5T0t0M3k4dzQ3S2FjM0d3cEEKTkt1TklVbWtDV0JUaTd3R3IxVng5RFcvTThKQnBJbGMwV1piZXNkNXY2bEozSlU0cFlHVzlndmloNFZIVmVFKwpmOWs5TE9EUWUzWDdZdFJmWmZac2xWM3cybTVKQWdNQkFBR2pXVEJYTUE0R0ExVWREd0VCL3dRRUF3SUNwREFQCkJnTlZIUk1CQWY4RUJUQURBUUgvTUIwR0ExVWREZ1FXQkJRV1FhajlqWkdleFNsYmpyOHAvUTlVYytzWU9EQVYKQmdOVkhSRUVEakFNZ2dwcmRXSmxjbTVsZEdWek1BMEdDU3FHU0liM0RRRUJDd1VBQTRJQkFRQnNKM3JTUm5VMwpEY2tzcFRLSGVVeUxiNE5JSVVBSWo2WHVTTmEvMUdQckZncnBvOWh2L3JHazNWdmFyVVM1dHNsZGlRL2p6Rlk2CnlDZWViSS8rVzgzWDlvRkVqSWpCcHNyQytDYTVpSTAzd0hLa2paTEtCc3BERUpXbnJrWklOOVlpeHlvaDNlL1IKbUZUb0dXY0ZlakhFVWpVbWZzM0tPSUp3Y0ExQ3pxOXNndzdqZXJjVXd0VEpHWlpGbkx0MFpvTnk5NU92a1Q3SQptMW1hdURaQTRteTVKR2lrMVNqaXcvNVlkaFVWWUdnMmxOMzhoUHhRdkRib01rWGUzbklaSHc0SHlibXZYNy85CkRFVTJYcUxuY2t4ZHZwTTU3UTUzejYzTUd1M2htMCt0Y0pqek1WeVJMVlRLVXhXQ1BJYzV0OXIzVk04aHl2UkwKQUpyaGxFVnFmMkRICi0tLS0tRU5EIENFUlRJRklDQVRFLS0tLS0K\n    server: https://127.0.0.1:54332\n  name: kind-oficina-cluster\ncontexts:\n- context:\n    cluster: kind-oficina-cluster\n    user: kind-oficina-cluster\n  name: kind-oficina-cluster\ncurrent-context: kind-oficina-cluster\nkind: Config\npreferences: {}\nusers:\n- name: kind-oficina-cluster\n  user:\n    client-certificate-data: LS0tLS1CRUdJTiBDRVJUSUZJQ0FURS0tLS0tCk1JSURLVENDQWhHZ0F3SUJBZ0lJQnY2N3Q3Qk1CcWN3RFFZSktvWklodmNOQVFFTEJRQXdGVEVUTUJFR0ExVUUKQXhNS2EzVmlaWEp1WlhSbGN6QWVGdzB5TmpBMk1EY3hOVEE0TlRWYUZ3MHlOekEyTURjeE5URXpOVFphTUR3eApIekFkQmdOVkJBb1RGbXQxWW1WaFpHMDZZMngxYzNSbGNpMWhaRzFwYm5NeEdUQVhCZ05WQkFNVEVHdDFZbVZ5CmJtVjBaWE10WVdSdGFXNHdnZ0VpTUEwR0NTcUdTSWIzRFFFQkFRVUFBNElCRHdBd2dnRUtBb0lCQVFEYWxkYkIKanhPeTRUcEdYWnhsRWM1UDhWdEw5bzB0Sit5NlNPdnY5NzdLRElyVWVrV3FqK24yL1A1bStRK1ByeEZPSjZZMApJcGd3RmVjaWk5UUY1UTN5WUYyZE5QdmR2MGFSVE1HaEY3bkxyOVQ5ZlBHQjZJSEVuQVBVaGhkam9qYitmQ2dKClQ1VFhOaCtRMWd4aW5MZVRwbkkrUmFVaU5CcWdNYXI1RXdUNnE2b3BhOVQ0UVBlTUxpRmQ0SlZGTzZuU1NtOWYKQjI2cHlRMkVzRllHSytxemRPbmwySnlpTDFCK29sYytVcnZjSW9SYjJvVTRZd0hZVXVIcE94V3YrMXYwclRtYgpmYlhES1RkZC9XdjQyMWhGbzIyTDl5MEoyL2Z1OHNYQTBVMDV2SXdRUWcrSE4xYnJSL3FDWEFRYm9FRUJRM2tYCnpJZXRROHlWMWRUSGZ3U1JBZ01CQUFHalZqQlVNQTRHQTFVZER3RUIvd1FFQXdJRm9EQVRCZ05WSFNVRUREQUsKQmdnckJnRUZCUWNEQWpBTUJnTlZIUk1CQWY4RUFqQUFNQjhHQTFVZEl3UVlNQmFBRkJaQnFQMk5rWjdGS1Z1Twp2eW45RDFSejZ4ZzRNQTBHQ1NxR1NJYjNEUUVCQ3dVQUE0SUJBUUJuQ21ITW5GTkp1dWtxc2RiYkVFL1E3WmRmCkVLU2lBblAyckVFQzBUYUtxamZyQ0h5c3RBSkZvYlA5alBKdlBjUFlCQUorcW1qYjZlY3RKR2J0VmgvOUxTaFgKeXpBcC81T28yeFRoY214d3l3TzZTQkZUbkJsSGNlRWdTQ1pROXFVVWNpaXdGOVkwNjRXaU90Mm1YeCtGZzBuWgpvT3lrN1g1Q3JIUTR1MXZnY0Z0cUhORnFpbHpPbUJYWW1NNVFXQTlsWTFhd1AzcVk4S3dXb2ZTeWNxaE01c3o2CjJtSkRuN0hKV1F5eXVDdlhvcFV0YWxwK3JQeURuem9ZUk1UNUVUYTFvNmplZzh1c3Y5d1A5STNUc0ZDb29PeUQKblBtNlZRT3JhWnFJaDFMWjczb0RmaXJXcUtyanVVRm83eEQzS25GbGh2cFVsTklXT01Xd0plVlRGTVIxCi0tLS0tRU5EIENFUlRJRklDQVRFLS0tLS0K\n    client-key-data: LS0tLS1CRUdJTiBSU0EgUFJJVkFURSBLRVktLS0tLQpNSUlFb3dJQkFBS0NBUUVBMnBYV3dZOFRzdUU2UmwyY1pSSE9UL0ZiUy9hTkxTZnN1a2pyNy9lK3lneUsxSHBGCnFvL3A5dnorWnZrUGo2OFJUaWVtTkNLWU1CWG5Jb3ZVQmVVTjhtQmRuVFQ3M2I5R2tVekJvUmU1eTYvVS9YengKZ2VpQnhKd0QxSVlYWTZJMi9ud29DVStVMXpZZmtOWU1ZcHkzazZaeVBrV2xJalFhb0RHcStSTUUrcXVxS1d2VQorRUQzakM0aFhlQ1ZSVHVwMGtwdlh3ZHVxY2tOaExCV0JpdnFzM1RwNWRpY29pOVFmcUpYUGxLNzNDS0VXOXFGCk9HTUIyRkxoNlRzVnIvdGI5SzA1bTMyMXd5azNYZjFyK050WVJhTnRpL2N0Q2R2Mzd2TEZ3TkZOT2J5TUVFSVAKaHpkVzYwZjZnbHdFRzZCQkFVTjVGOHlIclVQTWxkWFV4MzhFa1FJREFRQUJBb0lCQVFEYUo3R3VmSjJzYWgwLwpIUzU1c011My9hcWdwZkZBb0JnajA2T21YQnlPaXZZRUdnUnR0alJMelRRYWtYaDJic05XdlR1anpPTVhHc1VVCk5Ybm1hRFVETWlvOFBDVWpxME5Dd05oL2JxNkFHM3ozZ1R1SDdBV1h0QjRlZmJYYU9vdW9jVUdFQ1drRFlZRWYKaklIUDZabE9RMURCMWNCNTRvYXdXdUhJdExMRGViaXJPTmYyT1cyWEtFRVBGM3Y2ckxwMjVjcmhrVjNFeW00MAo3QTlYK21KM0tJb3MwWTJKdUtMYzhPVmdURnpwTmZoL2FVWmkvN1hlTE1lVkRsSnFiTUZEcGZDbVpYelhBc3lnCmNlOFpLemttVUl0T3Q0QU9OK3FMYVZUc09jbFlpa2xtU3BJTEZhK3YycURMWkFldmZmbEFFMGdIL0pHVEFxdTEKN0YyNzVDWUJBb0dCQU93UmZKZ1pDTnpnUE44WEtZNzk1Qm9PS1dvQlRKVFAxbUJ1RnowNDVWS3pRQ1lFK0p2SwpnMVA5K05iUHVUOHBTbC8yWkRpUEl3N0svVm1tM1I3YTY2OGd3Y3Q0OWlwTFRLdk05NFhJRmsya2VkYWZ4a09SCm5KZWc1cjNjVDhYUjFpOEV2YzJjN0ZxRFNRKzNnUU15U0NSYU90WWg3SU5GTWVTYXRDa1ZSdTREQW9HQkFPMEsKZHYyUWYxcDdReEwzdHZzdm93Qll5eGlmLzd6MVdDelhIeGVJbW9lR2JONlk0RWFmU1o2OE00TWV2OUtvUC9hWgpMbUxvR1ViWldPUXVmaDl3bmtoeFV1MlY2eG9Db2tyTlpZWjF6VHhvZzVKS25WRG1QbWNPR0MyaDBYbk94aXNCCjYzMHlSei9FSXF3RmMzb1NadnRZVk1EcGxVVjVCaU5nUENWR3dIamJBb0dBZjFqbmw3MVpsSjI2K0xZc0N5RlgKbmQ2cDVLK1N1bXhzUDFUa1lIaUM3VndaYk9rZG5CMWhQend3c3VFWUU4U1loTEFNWEo2SzBQNGNNZkxjTWpyegpEV1JrWnZsNEFsVGdwWVZLdWZhNFlXWXErK2J4TTU0bmxYeU5QVHJPSmU4TzFncCt3WjYzdWhROG82ZmdodkxuCkRBVkkzQjhzMFp2UVVIeE1XQ1ZNUURVQ2dZQVNrTWhERWVjM29nSGQ0WEwrZDN1djBrU04rRElpamFETFdrb0EKSU4zaGtZRERhbnZlYkNscStsaWFnM1VJdmM3TXRMQ3laSFZlWERXZklaa1ZRMC9TWXJYWkQrM3JDcHZGZWhMaQpsaVZ0L3MyWFRxckZwRkxzNVdpMVlrQXk1eVFVU0VFMmZCS2lodTBrUmdVR1laeVpRUkRhVHpFMjBNVFBUb0ZICmRpUXJFd0tCZ0FIcmVEeTE1WERWUjFqZUthbVk4dE5sdWlOS1dxQXlvZmhvam91Ym5pSWtVV2F1RGlhcnA1VHMKS2RJaTVtdVdMVXlOLzFOR1pXK0pDc0VkRHBweFlTMVJSUG1aZWdhb2FpUGZlZU5tVmhKck9URDlzMVBNbjVmQQpTWVlQNFZiMnY3SXpMSkZBRVl6N053SEtGOGlzeEJhTU96bUg2QWpaOXlzSUtyRS93YjRnCi0tLS0tRU5EIFJTQSBQUklWQVRFIEtFWS0tLS0tCg==\n",
            "kubeconfig_path": "C:\\Users\\KABUM\\Desktop\\Desenvolvimentos\\TechChallengerFiap\\backEnd\\terraForm\\oficina-cluster-config",
            "name": "oficina-cluster",
            "node_image": "kindest/node:v1.29.2",
            "timeouts": null,
            "wait_for_ready": true
          },
          "sensitive_attributes": [],
          "identity_schema_version": 0,
          "private": "eyJlMmJmYjczMC1lY2FhLTExZTYtOGY4OC0zNDM2M2JjN2M0YzAiOnsiY3JlYXRlIjozMDAwMDAwMDAwMDAsImRlbGV0ZSI6MzAwMDAwMDAwMDAwLCJ1cGRhdGUiOjMwMDAwMDAwMDAwMH19"
        }
      ]
    },
    {
      "mode": "managed",
      "type": "kubernetes_config_map",
      "name": "api_config",
      "provider": "provider[\"registry.terraform.io/hashicorp/kubernetes\"]",
      "instances": [
        {
          "schema_version": 0,
          "attributes": {
            "binary_data": {},
            "data": {
              "DB_HOST": "postgres-service",
              "DB_NAME": "oficina",
              "DB_PORT": "5432",
              "DB_USER": "postgres"
            },
            "id": "default/api-config",
            "immutable": false,
            "metadata": [
              {
                "annotations": {},
                "generate_name": "",
                "generation": 0,
                "labels": {},
                "name": "api-config",
                "namespace": "default",
                "resource_version": "1029",
                "uid": "02b3e198-8e95-434f-8fe6-fcaaed254414"
              }
            ]
          },
          "sensitive_attributes": [],
          "identity_schema_version": 1,
          "identity": {
            "api_version": "v1",
            "kind": "ConfigMap",
            "name": "api-config",
            "namespace": "default"
          },
          "private": "bnVsbA==",
          "dependencies": [
            "kind_cluster.oficina_cluster"
          ]
        }
      ]
    },
    {
      "mode": "managed",
      "type": "kubernetes_deployment",
      "name": "oficina_api",
      "provider": "provider[\"registry.terraform.io/hashicorp/kubernetes\"]",
      "instances": [
        {
          "schema_version": 1,
          "attributes": {
            "id": "default/oficina-api",
            "metadata": [
              {
                "annotations": {},
                "generate_name": "",
                "generation": 3,
                "labels": {
                  "app": "oficina-api"
                },
                "name": "oficina-api",
                "namespace": "default",
                "resource_version": "3723",
                "uid": "1e3817f8-f176-469a-b641-4e4360b6369f"
              }
            ],
            "spec": [
              {
                "min_ready_seconds": 0,
                "paused": false,
                "progress_deadline_seconds": 600,
                "replicas": "2",
                "revision_history_limit": 10,
                "selector": [
                  {
                    "match_expressions": [],
                    "match_labels": {
                      "app": "oficina-api"
                    }
                  }
                ],
                "strategy": [
                  {
                    "rolling_update": [
                      {
                        "max_surge": "25%",
                        "max_unavailable": "25%"
                      }
                    ],
                    "type": "RollingUpdate"
                  }
                ],
                "template": [
                  {
                    "metadata": [
                      {
                        "annotations": {},
                        "generate_name": "",
                        "generation": 0,
                        "labels": {
                          "app": "oficina-api"
                        },
                        "name": "",
                        "namespace": "",
                        "resource_version": "",
                        "uid": ""
                      }
                    ],
                    "spec": [
                      {
                        "active_deadline_seconds": 0,
                        "affinity": [],
                        "automount_service_account_token": true,
                        "container": [
                          {
                            "args": [],
                            "command": [],
                            "env": [
                              {
                                "name": "DB_PASSWORD",
                                "value": "",
                                "value_from": [
                                  {
                                    "config_map_key_ref": [],
                                    "field_ref": [],
                                    "resource_field_ref": [],
                                    "secret_key_ref": [
                                      {
                                        "key": "DB_PASSWORD",
                                        "name": "api-secret",
                                        "optional": false
                                      }
                                    ]
                                  }
                                ]
                              },
                              {
                                "name": "JWT_SECRET",
                                "value": "",
                                "value_from": [
                                  {
                                    "config_map_key_ref": [],
                                    "field_ref": [],
                                    "resource_field_ref": [],
                                    "secret_key_ref": [
                                      {
                                        "key": "JWT_SECRET",
                                        "name": "api-secret",
                                        "optional": false
                                      }
                                    ]
                                  }
                                ]
                              },
                              {
                                "name": "MOCK_USER_EMAIL",
                                "value": "",
                                "value_from": [
                                  {
                                    "config_map_key_ref": [],
                                    "field_ref": [],
                                    "resource_field_ref": [],
                                    "secret_key_ref": [
                                      {
                                        "key": "MOCK_USER_EMAIL",
                                        "name": "api-secret",
                                        "optional": false
                                      }
                                    ]
                                  }
                                ]
                              },
                              {
                                "name": "MOCK_USER_PASSWORD",
                                "value": "",
                                "value_from": [
                                  {
                                    "config_map_key_ref": [],
                                    "field_ref": [],
                                    "resource_field_ref": [],
                                    "secret_key_ref": [
                                      {
                                        "key": "MOCK_USER_PASSWORD",
                                        "name": "api-secret",
                                        "optional": false
                                      }
                                    ]
                                  }
                                ]
                              },
                              {
                                "name": "MOCK_USER_ID",
                                "value": "",
                                "value_from": [
                                  {
                                    "config_map_key_ref": [],
                                    "field_ref": [],
                                    "resource_field_ref": [],
                                    "secret_key_ref": [
                                      {
                                        "key": "MOCK_USER_ID",
                                        "name": "api-secret",
                                        "optional": false
                                      }
                                    ]
                                  }
                                ]
                              }
                            ],
                            "env_from": [
                              {
                                "config_map_ref": [
                                  {
                                    "name": "api-config",
                                    "optional": false
                                  }
                                ],
                                "prefix": "",
                                "secret_ref": []
                              }
                            ],
                            "image": "backend-api:latest",
                            "image_pull_policy": "IfNotPresent",
                            "lifecycle": [],
                            "liveness_probe": [
                              {
                                "exec": [],
                                "failure_threshold": 3,
                                "grpc": [],
                                "http_get": [
                                  {
                                    "host": "",
                                    "http_header": [],
                                    "path": "/health",
                                    "port": "3000",
                                    "scheme": "HTTP"
                                  }
                                ],
                                "initial_delay_seconds": 15,
                                "period_seconds": 20,
                                "success_threshold": 1,
                                "tcp_socket": [],
                                "timeout_seconds": 1
                              }
                            ],
                            "name": "api",
                            "port": [
                              {
                                "container_port": 3000,
                                "host_ip": "",
                                "host_port": 0,
                                "name": "",
                                "protocol": "TCP"
                              }
                            ],
                            "readiness_probe": [
                              {
                                "exec": [],
                                "failure_threshold": 3,
                                "grpc": [],
                                "http_get": [
                                  {
                                    "host": "",
                                    "http_header": [],
                                    "path": "/health",
                                    "port": "3000",
                                    "scheme": "HTTP"
                                  }
                                ],
                                "initial_delay_seconds": 10,
                                "period_seconds": 10,
                                "success_threshold": 1,
                                "tcp_socket": [],
                                "timeout_seconds": 1
                              }
                            ],
                            "resources": [
                              {
                                "limits": {
                                  "cpu": "500m",
                                  "memory": "512Mi"
                                },
                                "requests": {
                                  "cpu": "100m",
                                  "memory": "128Mi"
                                }
                              }
                            ],
                            "security_context": [],
                            "startup_probe": [],
                            "stdin": false,
                            "stdin_once": false,
                            "termination_message_path": "/dev/termination-log",
                            "termination_message_policy": "File",
                            "tty": false,
                            "volume_device": [],
                            "volume_mount": [],
                            "working_dir": ""
                          }
                        ],
                        "dns_config": [],
                        "dns_policy": "ClusterFirst",
                        "enable_service_links": true,
                        "host_aliases": [],
                        "host_ipc": false,
                        "host_network": false,
                        "host_pid": false,
                        "hostname": "",
                        "image_pull_secrets": [],
                        "init_container": [],
                        "node_name": "",
                        "node_selector": {},
                        "os": [],
                        "priority_class_name": "",
                        "readiness_gate": [],
                        "restart_policy": "Always",
                        "runtime_class_name": "",
                        "scheduler_name": "default-scheduler",
                        "security_context": [],
                        "service_account_name": "",
                        "share_process_namespace": false,
                        "subdomain": "",
                        "termination_grace_period_seconds": 30,
                        "toleration": [],
                        "topology_spread_constraint": [],
                        "volume": []
                      }
                    ]
                  }
                ]
              }
            ],
            "timeouts": null,
            "wait_for_rollout": true
          },
          "sensitive_attributes": [],
          "identity_schema_version": 1,
          "identity": {
            "api_version": "apps/v1",
            "kind": "Deployment",
            "name": "oficina-api",
            "namespace": "default"
          },
          "private": "eyJlMmJmYjczMC1lY2FhLTExZTYtOGY4OC0zNDM2M2JjN2M0YzAiOnsiY3JlYXRlIjo2MDAwMDAwMDAwMDAsImRlbGV0ZSI6NjAwMDAwMDAwMDAwLCJ1cGRhdGUiOjYwMDAwMDAwMDAwMH0sInNjaGVtYV92ZXJzaW9uIjoiMSJ9",
          "dependencies": [
            "kind_cluster.oficina_cluster",
            "kubernetes_config_map.api_config",
            "kubernetes_deployment.postgres",
            "kubernetes_persistent_volume_claim.postgres_pvc",
            "kubernetes_secret.api_secret",
            "kubernetes_service.postgres_service"
          ]
        }
      ]
    },
    {
      "mode": "managed",
      "type": "kubernetes_deployment",
      "name": "postgres",
      "provider": "provider[\"registry.terraform.io/hashicorp/kubernetes\"]",
      "instances": [
        {
          "schema_version": 1,
          "attributes": {
            "id": "default/postgres",
            "metadata": [
              {
                "annotations": {},
                "generate_name": "",
                "generation": 1,
                "labels": {
                  "app": "postgres"
                },
                "name": "postgres",
                "namespace": "default",
                "resource_version": "2060",
                "uid": "f4eff468-9155-4a92-b23f-e3585231e297"
              }
            ],
            "spec": [
              {
                "min_ready_seconds": 0,
                "paused": false,
                "progress_deadline_seconds": 600,
                "replicas": "1",
                "revision_history_limit": 10,
                "selector": [
                  {
                    "match_expressions": [],
                    "match_labels": {
                      "app": "postgres"
                    }
                  }
                ],
                "strategy": [
                  {
                    "rolling_update": [
                      {
                        "max_surge": "25%",
                        "max_unavailable": "25%"
                      }
                    ],
                    "type": "RollingUpdate"
                  }
                ],
                "template": [
                  {
                    "metadata": [
                      {
                        "annotations": {},
                        "generate_name": "",
                        "generation": 0,
                        "labels": {
                          "app": "postgres"
                        },
                        "name": "",
                        "namespace": "",
                        "resource_version": "",
                        "uid": ""
                      }
                    ],
                    "spec": [
                      {
                        "active_deadline_seconds": 0,
                        "affinity": [],
                        "automount_service_account_token": true,
                        "container": [
                          {
                            "args": [],
                            "command": [],
                            "env": [
                              {
                                "name": "POSTGRES_DB",
                                "value": "oficina",
                                "value_from": []
                              },
                              {
                                "name": "POSTGRES_USER",
                                "value": "postgres",
                                "value_from": []
                              },
                              {
                                "name": "POSTGRES_PASSWORD",
                                "value": "",
                                "value_from": [
                                  {
                                    "config_map_key_ref": [],
                                    "field_ref": [],
                                    "resource_field_ref": [],
                                    "secret_key_ref": [
                                      {
                                        "key": "DB_PASSWORD",
                                        "name": "api-secret",
                                        "optional": false
                                      }
                                    ]
                                  }
                                ]
                              }
                            ],
                            "env_from": [],
                            "image": "postgres:15",
                            "image_pull_policy": "IfNotPresent",
                            "lifecycle": [],
                            "liveness_probe": [],
                            "name": "postgres",
                            "port": [
                              {
                                "container_port": 5432,
                                "host_ip": "",
                                "host_port": 0,
                                "name": "",
                                "protocol": "TCP"
                              }
                            ],
                            "readiness_probe": [],
                            "resources": [
                              {
                                "limits": {},
                                "requests": {}
                              }
                            ],
                            "security_context": [],
                            "startup_probe": [],
                            "stdin": false,
                            "stdin_once": false,
                            "termination_message_path": "/dev/termination-log",
                            "termination_message_policy": "File",
                            "tty": false,
                            "volume_device": [],
                            "volume_mount": [
                              {
                                "mount_path": "/var/lib/postgresql/data",
                                "mount_propagation": "None",
                                "name": "postgres-storage",
                                "read_only": false,
                                "sub_path": "",
                                "sub_path_expr": ""
                              }
                            ],
                            "working_dir": ""
                          }
                        ],
                        "dns_config": [],
                        "dns_policy": "ClusterFirst",
                        "enable_service_links": true,
                        "host_aliases": [],
                        "host_ipc": false,
                        "host_network": false,
                        "host_pid": false,
                        "hostname": "",
                        "image_pull_secrets": [],
                        "init_container": [],
                        "node_name": "",
                        "node_selector": {},
                        "os": [],
                        "priority_class_name": "",
                        "readiness_gate": [],
                        "restart_policy": "Always",
                        "runtime_class_name": "",
                        "scheduler_name": "default-scheduler",
                        "security_context": [],
                        "service_account_name": "",
                        "share_process_namespace": false,
                        "subdomain": "",
                        "termination_grace_period_seconds": 30,
                        "toleration": [],
                        "topology_spread_constraint": [],
                        "volume": [
                          {
                            "aws_elastic_block_store": [],
                            "azure_disk": [],
                            "azure_file": [],
                            "ceph_fs": [],
                            "cinder": [],
                            "config_map": [],
                            "csi": [],
                            "downward_api": [],
                            "empty_dir": [],
                            "ephemeral": [],
                            "fc": [],
                            "flex_volume": [],
                            "flocker": [],
                            "gce_persistent_disk": [],
                            "git_repo": [],
                            "glusterfs": [],
                            "host_path": [],
                            "iscsi": [],
                            "local": [],
                            "name": "postgres-storage",
                            "nfs": [],
                            "persistent_volume_claim": [
                              {
                                "claim_name": "postgres-pvc",
                                "read_only": false
                              }
                            ],
                            "photon_persistent_disk": [],
                            "projected": [],
                            "quobyte": [],
                            "rbd": [],
                            "secret": [],
                            "vsphere_volume": []
                          }
                        ]
                      }
                    ]
                  }
                ]
              }
            ],
            "timeouts": null,
            "wait_for_rollout": true
          },
          "sensitive_attributes": [],
          "identity_schema_version": 1,
          "identity": {
            "api_version": "apps/v1",
            "kind": "Deployment",
            "name": "postgres",
            "namespace": "default"
          },
          "private": "eyJlMmJmYjczMC1lY2FhLTExZTYtOGY4OC0zNDM2M2JjN2M0YzAiOnsiY3JlYXRlIjo2MDAwMDAwMDAwMDAsImRlbGV0ZSI6NjAwMDAwMDAwMDAwLCJ1cGRhdGUiOjYwMDAwMDAwMDAwMH0sInNjaGVtYV92ZXJzaW9uIjoiMSJ9",
          "dependencies": [
            "kind_cluster.oficina_cluster",
            "kubernetes_persistent_volume_claim.postgres_pvc",
            "kubernetes_secret.api_secret"
          ]
        }
      ]
    },
    {
      "mode": "managed",
      "type": "kubernetes_horizontal_pod_autoscaler_v2",
      "name": "api_hpa",
      "provider": "provider[\"registry.terraform.io/hashicorp/kubernetes\"]",
      "instances": [
        {
          "schema_version": 0,
          "attributes": {
            "id": "default/api-hpa",
            "metadata": [
              {
                "annotations": null,
                "generate_name": "",
                "generation": 0,
                "labels": null,
                "name": "api-hpa",
                "namespace": "default",
                "resource_version": "3737",
                "uid": "b69330ab-f32e-49e4-9c55-4d14ed971e6a"
              }
            ],
            "spec": [
              {
                "behavior": [
                  {
                    "scale_down": [
                      {
                        "policy": [
                          {
                            "period_seconds": 15,
                            "type": "Percent",
                            "value": 100
                          }
                        ],
                        "select_policy": "Max",
                        "stabilization_window_seconds": 0
                      }
                    ],
                    "scale_up": [
                      {
                        "policy": [
                          {
                            "period_seconds": 15,
                            "type": "Pods",
                            "value": 4
                          },
                          {
                            "period_seconds": 15,
                            "type": "Percent",
                            "value": 100
                          }
                        ],
                        "select_policy": "Max",
                        "stabilization_window_seconds": 0
                      }
                    ]
                  }
                ],
                "max_replicas": 10,
                "metric": [
                  {
                    "container_resource": [],
                    "external": [],
                    "object": [],
                    "pods": [],
                    "resource": [
                      {
                        "name": "cpu",
                        "target": [
                          {
                            "average_utilization": 70,
                            "average_value": "",
                            "type": "Utilization",
                            "value": ""
                          }
                        ]
                      }
                    ],
                    "type": "Resource"
                  },
                  {
                    "container_resource": [],
                    "external": [],
                    "object": [],
                    "pods": [],
                    "resource": [
                      {
                        "name": "memory",
                        "target": [
                          {
                            "average_utilization": 80,
                            "average_value": "",
                            "type": "Utilization",
                            "value": ""
                          }
                        ]
                      }
                    ],
                    "type": "Resource"
                  }
                ],
                "min_replicas": 2,
                "scale_target_ref": [
                  {
                    "api_version": "apps/v1",
                    "kind": "Deployment",
                    "name": "oficina-api"
                  }
                ],
                "target_cpu_utilization_percentage": 0
              }
            ]
          },
          "sensitive_attributes": [],
          "identity_schema_version": 1,
          "identity": {
            "api_version": "autoscaling/v2",
            "kind": "HorizontalPodAutoscaler",
            "name": "api-hpa",
            "namespace": "default"
          },
          "private": "bnVsbA==",
          "dependencies": [
            "kind_cluster.oficina_cluster",
            "kubernetes_config_map.api_config",
            "kubernetes_deployment.oficina_api",
            "kubernetes_deployment.postgres",
            "kubernetes_persistent_volume_claim.postgres_pvc",
            "kubernetes_secret.api_secret",
            "kubernetes_service.postgres_service"
          ]
        }
      ]
    },
    {
      "mode": "managed",
      "type": "kubernetes_persistent_volume_claim",
      "name": "postgres_pvc",
      "provider": "provider[\"registry.terraform.io/hashicorp/kubernetes\"]",
      "instances": [
        {
          "schema_version": 0,
          "attributes": {
            "id": "default/postgres-pvc",
            "metadata": [
              {
                "annotations": {},
                "generate_name": "",
                "generation": 0,
                "labels": {},
                "name": "postgres-pvc",
                "namespace": "default",
                "resource_version": "2033",
                "uid": "73014601-cce8-435a-a4ca-f48dc40a36f1"
              }
            ],
            "spec": [
              {
                "access_modes": [
                  "ReadWriteOnce"
                ],
                "resources": [
                  {
                    "limits": {},
                    "requests": {
                      "storage": "1Gi"
                    }
                  }
                ],
                "selector": [],
                "storage_class_name": "standard",
                "volume_mode": "Filesystem",
                "volume_name": "pvc-73014601-cce8-435a-a4ca-f48dc40a36f1"
              }
            ],
            "timeouts": null,
            "wait_until_bound": false
          },
          "sensitive_attributes": [],
          "identity_schema_version": 0,
          "private": "eyJlMmJmYjczMC1lY2FhLTExZTYtOGY4OC0zNDM2M2JjN2M0YzAiOnsiY3JlYXRlIjozMDAwMDAwMDAwMDB9fQ==",
          "dependencies": [
            "kind_cluster.oficina_cluster"
          ]
        }
      ]
    },
    {
      "mode": "managed",
      "type": "kubernetes_secret",
      "name": "api_secret",
      "provider": "provider[\"registry.terraform.io/hashicorp/kubernetes\"]",
      "instances": [
        {
          "schema_version": 0,
          "attributes": {
            "binary_data": null,
            "binary_data_wo": null,
            "binary_data_wo_revision": null,
            "data": {
              "DB_PASSWORD": "postgres123",
              "JWT_SECRET": "minha-chave-jwt-super-secreta",
              "MOCK_USER_EMAIL": "admin@oficina.com",
              "MOCK_USER_ID": "1",
              "MOCK_USER_PASSWORD": "admin123"
            },
            "data_wo": null,
            "data_wo_revision": null,
            "id": "default/api-secret",
            "immutable": false,
            "metadata": [
              {
                "annotations": {},
                "generate_name": "",
                "generation": 0,
                "labels": {},
                "name": "api-secret",
                "namespace": "default",
                "resource_version": "1031",
                "uid": "3f64a3fb-4a2f-4b41-b907-241ac4a614e1"
              }
            ],
            "timeouts": null,
            "type": "Opaque",
            "wait_for_service_account_token": true
          },
          "sensitive_attributes": [
            [
              {
                "type": "get_attr",
                "value": "binary_data"
              }
            ],
            [
              {
                "type": "get_attr",
                "value": "data"
              }
            ],
            [
              {
                "type": "get_attr",
                "value": "data"
              },
              {
                "type": "index",
                "value": {
                  "value": "DB_PASSWORD",
                  "type": "string"
                }
              }
            ],
            [
              {
                "type": "get_attr",
                "value": "data"
              },
              {
                "type": "index",
                "value": {
                  "value": "JWT_SECRET",
                  "type": "string"
                }
              }
            ],
            [
              {
                "type": "get_attr",
                "value": "data"
              },
              {
                "type": "index",
                "value": {
                  "value": "MOCK_USER_EMAIL",
                  "type": "string"
                }
              }
            ],
            [
              {
                "type": "get_attr",
                "value": "data"
              },
              {
                "type": "index",
                "value": {
                  "value": "MOCK_USER_ID",
                  "type": "string"
                }
              }
            ],
            [
              {
                "type": "get_attr",
                "value": "data"
              },
              {
                "type": "index",
                "value": {
                  "value": "MOCK_USER_PASSWORD",
                  "type": "string"
                }
              }
            ]
          ],
          "identity_schema_version": 1,
          "identity": {
            "api_version": "v1",
            "kind": "Secret",
            "name": "api-secret",
            "namespace": "default"
          },
          "private": "eyJlMmJmYjczMC1lY2FhLTExZTYtOGY4OC0zNDM2M2JjN2M0YzAiOnsiY3JlYXRlIjo2MDAwMDAwMDAwMH19",
          "dependencies": [
            "kind_cluster.oficina_cluster"
          ]
        }
      ]
    },
    {
      "mode": "managed",
      "type": "kubernetes_service",
      "name": "api_service",
      "provider": "provider[\"registry.terraform.io/hashicorp/kubernetes\"]",
      "instances": [
        {
          "schema_version": 1,
          "attributes": {
            "id": "default/api-service",
            "metadata": [
              {
                "annotations": {},
                "generate_name": "",
                "generation": 0,
                "labels": {},
                "name": "api-service",
                "namespace": "default",
                "resource_version": "3736",
                "uid": "79eef9a0-b09c-4036-90a7-b157912d9800"
              }
            ],
            "spec": [
              {
                "allocate_load_balancer_node_ports": true,
                "cluster_ip": "10.96.68.40",
                "cluster_ips": [
                  "10.96.68.40"
                ],
                "external_ips": [],
                "external_name": "",
                "external_traffic_policy": "Cluster",
                "health_check_node_port": 0,
                "internal_traffic_policy": "Cluster",
                "ip_families": [
                  "IPv4"
                ],
                "ip_family_policy": "SingleStack",
                "load_balancer_class": "",
                "load_balancer_ip": "",
                "load_balancer_source_ranges": [],
                "port": [
                  {
                    "app_protocol": "",
                    "name": "http",
                    "node_port": 32071,
                    "port": 3000,
                    "protocol": "TCP",
                    "target_port": "3000"
                  }
                ],
                "publish_not_ready_addresses": false,
                "selector": {
                  "app": "oficina-api"
                },
                "session_affinity": "None",
                "session_affinity_config": [],
                "type": "LoadBalancer"
              }
            ],
            "status": [
              {
                "load_balancer": [
                  {
                    "ingress": []
                  }
                ]
              }
            ],
            "timeouts": null,
            "wait_for_load_balancer": null
          },
          "sensitive_attributes": [],
          "identity_schema_version": 1,
          "identity": {
            "api_version": "v1",
            "kind": "Service",
            "name": "api-service",
            "namespace": "default"
          },
          "private": "eyJlMmJmYjczMC1lY2FhLTExZTYtOGY4OC0zNDM2M2JjN2M0YzAiOnsiY3JlYXRlIjo2MDAwMDAwMDAwMDB9LCJzY2hlbWFfdmVyc2lvbiI6IjEifQ=="
        }
      ]
    },
    {
      "mode": "managed",
      "type": "kubernetes_service",
      "name": "postgres_service",
      "provider": "provider[\"registry.terraform.io/hashicorp/kubernetes\"]",
      "instances": [
        {
          "schema_version": 1,
          "attributes": {
            "id": "default/postgres-service",
            "metadata": [
              {
                "annotations": {},
                "generate_name": "",
                "generation": 0,
                "labels": {},
                "name": "postgres-service",
                "namespace": "default",
                "resource_version": "2063",
                "uid": "c181d71c-c354-480b-ac4f-4a11780622b2"
              }
            ],
            "spec": [
              {
                "allocate_load_balancer_node_ports": true,
                "cluster_ip": "10.96.71.44",
                "cluster_ips": [
                  "10.96.71.44"
                ],
                "external_ips": [],
                "external_name": "",
                "external_traffic_policy": "",
                "health_check_node_port": 0,
                "internal_traffic_policy": "Cluster",
                "ip_families": [
                  "IPv4"
                ],
                "ip_family_policy": "SingleStack",
                "load_balancer_class": "",
                "load_balancer_ip": "",
                "load_balancer_source_ranges": [],
                "port": [
                  {
                    "app_protocol": "",
                    "name": "",
                    "node_port": 0,
                    "port": 5432,
                    "protocol": "TCP",
                    "target_port": "5432"
                  }
                ],
                "publish_not_ready_addresses": false,
                "selector": {
                  "app": "postgres"
                },
                "session_affinity": "None",
                "session_affinity_config": [],
                "type": "ClusterIP"
              }
            ],
            "status": [
              {
                "load_balancer": [
                  {
                    "ingress": []
                  }
                ]
              }
            ],
            "timeouts": null,
            "wait_for_load_balancer": true
          },
          "sensitive_attributes": [],
          "identity_schema_version": 1,
          "identity": {
            "api_version": "v1",
            "kind": "Service",
            "name": "postgres-service",
            "namespace": "default"
          },
          "private": "eyJlMmJmYjczMC1lY2FhLTExZTYtOGY4OC0zNDM2M2JjN2M0YzAiOnsiY3JlYXRlIjo2MDAwMDAwMDAwMDB9LCJzY2hlbWFfdmVyc2lvbiI6IjEifQ==",
          "dependencies": [
            "kind_cluster.oficina_cluster",
            "kubernetes_deployment.postgres",
            "kubernetes_persistent_volume_claim.postgres_pvc",
            "kubernetes_secret.api_secret"
          ]
        }
      ]
    }
  ],
  "check_results": null
}
